
Microsoft Visual Studio Solution File, Format Version 12.00
# Visual Studio Version 17
VisualStudioVersion = 17.4.33110.190
MinimumVisualStudioVersion = 10.0.40219.1
Project("{FAE04EC0-301F-11D3-BF4B-00C04F79EFBC}") = "csharp-desktop-pet", "csharp-desktop-pet.csproj", "{613AF854-0196-4D00-AD60-0F19AC6E29EB}"
EndProject
Global
	GlobalSection(SolutionConfigurationPlatforms) = preSolution
		Debug|Any CPU = Debug|Any CPU
		Release|Any CPU = Release|Any CPU
	EndGlobalSection
	GlobalSection(ProjectConfigurationPlatforms) = postSolution
		{613AF854-0196-4D00-AD60-0F19AC6E29EB}.Debug|Any CPU.ActiveCfg = Debug|Any CPU
		{613AF854-0196-4D00-AD60-0F19AC6E29EB}.Debug|Any CPU.Build.0 = Debug|Any CPU
		{613AF854-0196-4D00-AD60-0F19AC6E29EB}.Release|Any CPU.ActiveCfg = Release|Any CPU
		{613AF854-0196-4D00-AD60-0F19AC6E29EB}.Release|Any CPU.Build.0 = Release|Any CPU
	EndGlobalSection
	GlobalSection(SolutionProperties) = preSolution
		HideSolutionNode = FALSE
	EndGlobalSection
	GlobalSection(ExtensibilityGlobals) = postSolution
		SolutionGuid = {F653CEB6-D6C0-4B30-8AD8-BEEB6ED7D208}
	EndGlobalSection
EndGlobal
